
Microsoft Visual Studio Solution File, Format Version 12.00
# Visual Studio Version 16
VisualStudioVersion = 16.0.29519.87
MinimumVisualStudioVersion = 10.0.40219.1
Project("{9A19103F-16F7-4668-BE54-9A1E7A4F7556}") = "ElementOccurence", "ElementOccurence.csproj", "{926616EF-006B-4CA1-9888-113664353224}"
EndProject
Project("{9A19103F-16F7-4668-BE54-9A1E7A4F7556}") = "ListSum", "..\ListSum\ListSum.csproj", "{0EDCB4FE-9A93-45D2-B780-7832C7E01896}"
EndProject
Global
	GlobalSection(SolutionConfigurationPlatforms) = preSolution
		Debug|Any CPU = Debug|Any CPU
		Release|Any CPU = Release|Any CPU
	EndGlobalSection
	GlobalSection(ProjectConfigurationPlatforms) = postSolution
		{926616EF-006B-4CA1-9888-113664353224}.Debug|Any CPU.ActiveCfg = Debug|Any CPU
		{926616EF-006B-4CA1-9888-113664353224}.Debug|Any CPU.Build.0 = Debug|Any CPU
		{926616EF-006B-4CA1-9888-113664353224}.Release|Any CPU.ActiveCfg = Release|Any CPU
		{926616EF-006B-4CA1-9888-113664353224}.Release|Any CPU.Build.0 = Release|Any CPU
		{0EDCB4FE-9A93-45D2-B780-7832C7E01896}.Debug|Any CPU.ActiveCfg = Debug|Any CPU
		{0EDCB4FE-9A93-45D2-B780-7832C7E01896}.Debug|Any CPU.Build.0 = Debug|Any CPU
		{0EDCB4FE-9A93-45D2-B780-7832C7E01896}.Release|Any CPU.ActiveCfg = Release|Any CPU
		{0EDCB4FE-9A93-45D2-B780-7832C7E01896}.Release|Any CPU.Build.0 = Release|Any CPU
	EndGlobalSection
	GlobalSection(SolutionProperties) = preSolution
		HideSolutionNode = FALSE
	EndGlobalSection
	GlobalSection(ExtensibilityGlobals) = postSolution
		SolutionGuid = {A06A34A9-6F24-4269-B619-CAB741133340}
	EndGlobalSection
EndGlobal
